<?xml version="1.0" encoding="utf-8"?>
<Project ToolsVersion="4.0" xmlns="http://schemas.microsoft.com/developer/msbuild/2003">
  <ItemGroup>
    <Filter Include="Source Files">
      <UniqueIdentifier>{4FC737F1-C7A5-4376-A066-2A32D752A2FF}</UniqueIdentifier>
      <Extensions>cpp;c;cc;cxx;def;odl;idl;hpj;bat;asm;asmx</Extensions>
    </Filter>
    <Filter Include="Header Files">
      <UniqueIdentifier>{93995380-89BD-4b04-88EB-625FBE52EBFB}</UniqueIdentifier>
      <Extensions>h;hh;hpp;hxx;hm;inl;inc;ipp;xsd</Extensions>
    </Filter>
    <Filter Include="Resource Files">
      <UniqueIdentifier>{67DA6AB6-F800-4c08-8B7A-83BB121AAD01}</UniqueIdentifier>
      <Extensions>rc;ico;cur;bmp;dlg;rc2;rct;bin;rgs;gif;jpg;jpeg;jpe;resx;tiff;tif;png;wav;mfcribbon-ms</Extensions>
    </Filter>
  </ItemGroup>
  <ItemGroup>
    <ClCompile Include="src\glad.c">
      <Filter>Source Files</Filter>
    </ClCompile>
    <ClCompile Include="src\main.cpp">
      <Filter>Source Files</Filter>
    </ClCompile>
    <ClCompile Include="src\GLObjects\shader.cpp">
      <Filter>Source Files</Filter>
    </ClCompile>
    <ClCompile Include="src\GLObjects\VBO.cpp">
      <Filter>Source Files</Filter>
    </ClCompile>
    <ClCompile Include="src\GLObjects\VAO.cpp">
      <Filter>Source Files</Filter>
    </ClCompile>
    <ClCompile Include="src\GLObjects\vertexAttributeLayout.cpp">
      <Filter>Source Files</Filter>
    </ClCompile>
    <ClCompile Include="src\GLObjects\texture.cpp">
      <Filter>Source Files</Filter>
    </ClCompile>
    <ClCompile Include="src\GLObjects\camera.cpp">
      <Filter>Source Files</Filter>
    </ClCompile>
    <ClCompile Include="src\GLObjects\EBO.cpp">
      <Filter>Source Files</Filter>
    </ClCompile>
  </ItemGroup>
  <ItemGroup>
    <None Include="src\shaders\vertexShader.glsl" />
    <None Include="src\shaders\fragmentShader.glsl" />
  </ItemGroup>
  <ItemGroup>
    <ClInclude Include="headers\GLObjects\shader.h">
      <Filter>Header Files</Filter>
    </ClInclude>
    <ClInclude Include="headers\GLObjects\VBO.h">
      <Filter>Header Files</Filter>
    </ClInclude>
    <ClInclude Include="headers\GLObjects\VAO.h">
      <Filter>Header Files</Filter>
    </ClInclude>
    <ClInclude Include="headers\GLObjects\vertexAttribute.h">
      <Filter>Header Files</Filter>
    </ClInclude>
    <ClInclude Include="Libraries\include\stb_image\stb_image.h">
      <Filter>Header Files</Filter>
    </ClInclude>
    <ClInclude Include="headers\GLObjects\vertexAttributeLayout.h">
      <Filter>Header Files</Filter>
    </ClInclude>
    <ClInclude Include="headers\GLObjects\texture.h">
      <Filter>Header Files</Filter>
    </ClInclude>
    <ClInclude Include="headers\GLObjects\camera.h">
      <Filter>Header Files</Filter>
    </ClInclude>
    <ClInclude Include="headers\constants.h">
      <Filter>Header Files</Filter>
    </ClInclude>
    <ClInclude Include="headers\GLObjects\EBO.h">
      <Filter>Header Files</Filter>
    </ClInclude>
  </ItemGroup>
</Project>